
Microsoft Visual Studio Solution File, Format Version 12.00
# Visual Studio Version 16
VisualStudioVersion = 16.0.31624.102
MinimumVisualStudioVersion = 10.0.40219.1
Project("{FAE04EC0-301F-11D3-BF4B-00C04F79EFBC}") = "TwentyOne", "TwentyOne\TwentyOne.csproj", "{A92DA546-2F06-4CE2-9824-988B8A2BB68F}"
EndProject
Global
	GlobalSection(SolutionConfigurationPlatforms) = preSolution
		Debug|Any CPU = Debug|Any CPU
		Release|Any CPU = Release|Any CPU
	EndGlobalSection
	GlobalSection(ProjectConfigurationPlatforms) = postSolution
		{A92DA546-2F06-4CE2-9824-988B8A2BB68F}.Debug|Any CPU.ActiveCfg = Debug|Any CPU
		{A92DA546-2F06-4CE2-9824-988B8A2BB68F}.Debug|Any CPU.Build.0 = Debug|Any CPU
		{A92DA546-2F06-4CE2-9824-988B8A2BB68F}.Release|Any CPU.ActiveCfg = Release|Any CPU
		{A92DA546-2F06-4CE2-9824-988B8A2BB68F}.Release|Any CPU.Build.0 = Release|Any CPU
	EndGlobalSection
	GlobalSection(SolutionProperties) = preSolution
		HideSolutionNode = FALSE
	EndGlobalSection
	GlobalSection(ExtensibilityGlobals) = postSolution
		SolutionGuid = {2D5C6246-38A3-47ED-8BED-E67760350A7F}
	EndGlobalSection
EndGlobal
