
Microsoft Visual Studio Solution File, Format Version 12.00
# Visual Studio Version 16
VisualStudioVersion = 16.0.31624.102
MinimumVisualStudioVersion = 10.0.40219.1
Project("{FAE04EC0-301F-11D3-BF4B-00C04F79EFBC}") = "IncomeComparisonProgram", "IncomeComparisonProgram\IncomeComparisonProgram.csproj", "{2B2C9A01-4C18-4684-9F18-27D62DD48BED}"
EndProject
Global
	GlobalSection(SolutionConfigurationPlatforms) = preSolution
		Debug|Any CPU = Debug|Any CPU
		Release|Any CPU = Release|Any CPU
	EndGlobalSection
	GlobalSection(ProjectConfigurationPlatforms) = postSolution
		{2B2C9A01-4C18-4684-9F18-27D62DD48BED}.Debug|Any CPU.ActiveCfg = Debug|Any CPU
		{2B2C9A01-4C18-4684-9F18-27D62DD48BED}.Debug|Any CPU.Build.0 = Debug|Any CPU
		{2B2C9A01-4C18-4684-9F18-27D62DD48BED}.Release|Any CPU.ActiveCfg = Release|Any CPU
		{2B2C9A01-4C18-4684-9F18-27D62DD48BED}.Release|Any CPU.Build.0 = Release|Any CPU
	EndGlobalSection
	GlobalSection(SolutionProperties) = preSolution
		HideSolutionNode = FALSE
	EndGlobalSection
	GlobalSection(ExtensibilityGlobals) = postSolution
		SolutionGuid = {96F9DAFD-9FFC-4582-936E-89AC4BA98646}
	EndGlobalSection
EndGlobal
