
Microsoft Visual Studio Solution File, Format Version 12.00
# Visual Studio Version 16
VisualStudioVersion = 16.0.31624.102
MinimumVisualStudioVersion = 10.0.40219.1
Project("{FAE04EC0-301F-11D3-BF4B-00C04F79EFBC}") = "Enums", "Enums\Enums.csproj", "{A399867E-9AF3-4E19-BCF2-80770A643942}"
EndProject
Global
	GlobalSection(SolutionConfigurationPlatforms) = preSolution
		Debug|Any CPU = Debug|Any CPU
		Release|Any CPU = Release|Any CPU
	EndGlobalSection
	GlobalSection(ProjectConfigurationPlatforms) = postSolution
		{A399867E-9AF3-4E19-BCF2-80770A643942}.Debug|Any CPU.ActiveCfg = Debug|Any CPU
		{A399867E-9AF3-4E19-BCF2-80770A643942}.Debug|Any CPU.Build.0 = Debug|Any CPU
		{A399867E-9AF3-4E19-BCF2-80770A643942}.Release|Any CPU.ActiveCfg = Release|Any CPU
		{A399867E-9AF3-4E19-BCF2-80770A643942}.Release|Any CPU.Build.0 = Release|Any CPU
	EndGlobalSection
	GlobalSection(SolutionProperties) = preSolution
		HideSolutionNode = FALSE
	EndGlobalSection
	GlobalSection(ExtensibilityGlobals) = postSolution
		SolutionGuid = {867568BA-20EE-414A-B797-78CC11FB6B2D}
	EndGlobalSection
EndGlobal
