
Microsoft Visual Studio Solution File, Format Version 12.00
# Visual Studio Version 16
VisualStudioVersion = 16.0.31624.102
MinimumVisualStudioVersion = 10.0.40219.1
Project("{FAE04EC0-301F-11D3-BF4B-00C04F79EFBC}") = "CodeFirstProject", "CodeFirstProject\CodeFirstProject.csproj", "{95236876-ACB2-4289-AC06-ED02046D6AF1}"
EndProject
Global
	GlobalSection(SolutionConfigurationPlatforms) = preSolution
		Debug|Any CPU = Debug|Any CPU
		Release|Any CPU = Release|Any CPU
	EndGlobalSection
	GlobalSection(ProjectConfigurationPlatforms) = postSolution
		{95236876-ACB2-4289-AC06-ED02046D6AF1}.Debug|Any CPU.ActiveCfg = Debug|Any CPU
		{95236876-ACB2-4289-AC06-ED02046D6AF1}.Debug|Any CPU.Build.0 = Debug|Any CPU
		{95236876-ACB2-4289-AC06-ED02046D6AF1}.Release|Any CPU.ActiveCfg = Release|Any CPU
		{95236876-ACB2-4289-AC06-ED02046D6AF1}.Release|Any CPU.Build.0 = Release|Any CPU
	EndGlobalSection
	GlobalSection(SolutionProperties) = preSolution
		HideSolutionNode = FALSE
	EndGlobalSection
	GlobalSection(ExtensibilityGlobals) = postSolution
		SolutionGuid = {109C8817-4698-4B02-AF62-0BF047111CE3}
	EndGlobalSection
EndGlobal
